
Microsoft Visual Studio Solution File, Format Version 12.00
# Visual Studio 15
VisualStudioVersion = 15.0.26730.10
MinimumVisualStudioVersion = 10.0.40219.1
Project("{FAE04EC0-301F-11D3-BF4B-00C04F79EFBC}") = "AdventOfCode", "AdventOfCode\AdventOfCode.csproj", "{746FAB96-0E64-4167-99BC-F85B191445CA}"
EndProject
Project("{FAE04EC0-301F-11D3-BF4B-00C04F79EFBC}") = "AdventOfCode2018", "AdventOfCode2018\AdventOfCode2018.csproj", "{6D5249B9-7BBF-42D4-9993-8FFADFF5B07C}"
EndProject
Global
	GlobalSection(SolutionConfigurationPlatforms) = preSolution
		Debug|Any CPU = Debug|Any CPU
		Release|Any CPU = Release|Any CPU
	EndGlobalSection
	GlobalSection(ProjectConfigurationPlatforms) = postSolution
		{746FAB96-0E64-4167-99BC-F85B191445CA}.Debug|Any CPU.ActiveCfg = Debug|Any CPU
		{746FAB96-0E64-4167-99BC-F85B191445CA}.Debug|Any CPU.Build.0 = Debug|Any CPU
		{746FAB96-0E64-4167-99BC-F85B191445CA}.Release|Any CPU.ActiveCfg = Release|Any CPU
		{746FAB96-0E64-4167-99BC-F85B191445CA}.Release|Any CPU.Build.0 = Release|Any CPU
		{6D5249B9-7BBF-42D4-9993-8FFADFF5B07C}.Debug|Any CPU.ActiveCfg = Debug|Any CPU
		{6D5249B9-7BBF-42D4-9993-8FFADFF5B07C}.Debug|Any CPU.Build.0 = Debug|Any CPU
		{6D5249B9-7BBF-42D4-9993-8FFADFF5B07C}.Release|Any CPU.ActiveCfg = Release|Any CPU
		{6D5249B9-7BBF-42D4-9993-8FFADFF5B07C}.Release|Any CPU.Build.0 = Release|Any CPU
	EndGlobalSection
	GlobalSection(SolutionProperties) = preSolution
		HideSolutionNode = FALSE
	EndGlobalSection
	GlobalSection(ExtensibilityGlobals) = postSolution
		SolutionGuid = {F3FEDEF7-E9FE-4E92-B7B8-16C7C2D747CD}
	EndGlobalSection
EndGlobal
