
Microsoft Visual Studio Solution File, Format Version 12.00
# Visual Studio 15
VisualStudioVersion = 15.0.26730.10
MinimumVisualStudioVersion = 10.0.40219.1
Project("{FAE04EC0-301F-11D3-BF4B-00C04F79EFBC}") = "AdventOfCode", "AdventOfCode\AdventOfCode.csproj", "{746FAB96-0E64-4167-99BC-F85B191445CA}"
EndProject
Project("{9A19103F-16F7-4668-BE54-9A1E7A4F7556}") = "AdventOfCode2018", "AdventOfCode2018\AdventOfCode2018.csproj", "{6D5249B9-7BBF-42D4-9993-8FFADFF5B07C}"
EndProject
Project("{9A19103F-16F7-4668-BE54-9A1E7A4F7556}") = "AdventOfCode2019", "AdventOfCode2019\AdventOfCode2019.csproj", "{6D3F42F4-A481-4755-A7AE-B99A4B34FC80}"
EndProject
Project("{9A19103F-16F7-4668-BE54-9A1E7A4F7556}") = "AdventOfCode2019Tests", "AdventOfCode2019Tests\AdventOfCode2019Tests.csproj", "{7A1A17D2-05D6-41D3-B783-09DCC2233579}"
EndProject
Project("{FAE04EC0-301F-11D3-BF4B-00C04F79EFBC}") = "AdventOfCode2020", "AdventOfCode2020\AdventOfCode2020.csproj", "{1C2AD17F-1DD0-4323-BC39-95F13D18CF2B}"
EndProject
Global
	GlobalSection(SolutionConfigurationPlatforms) = preSolution
		Debug|Any CPU = Debug|Any CPU
		Release|Any CPU = Release|Any CPU
	EndGlobalSection
	GlobalSection(ProjectConfigurationPlatforms) = postSolution
		{746FAB96-0E64-4167-99BC-F85B191445CA}.Debug|Any CPU.ActiveCfg = Debug|Any CPU
		{746FAB96-0E64-4167-99BC-F85B191445CA}.Debug|Any CPU.Build.0 = Debug|Any CPU
		{746FAB96-0E64-4167-99BC-F85B191445CA}.Release|Any CPU.ActiveCfg = Release|Any CPU
		{746FAB96-0E64-4167-99BC-F85B191445CA}.Release|Any CPU.Build.0 = Release|Any CPU
		{6D5249B9-7BBF-42D4-9993-8FFADFF5B07C}.Debug|Any CPU.ActiveCfg = Debug|Any CPU
		{6D5249B9-7BBF-42D4-9993-8FFADFF5B07C}.Debug|Any CPU.Build.0 = Debug|Any CPU
		{6D5249B9-7BBF-42D4-9993-8FFADFF5B07C}.Release|Any CPU.ActiveCfg = Release|Any CPU
		{6D5249B9-7BBF-42D4-9993-8FFADFF5B07C}.Release|Any CPU.Build.0 = Release|Any CPU
		{6D3F42F4-A481-4755-A7AE-B99A4B34FC80}.Debug|Any CPU.ActiveCfg = Debug|Any CPU
		{6D3F42F4-A481-4755-A7AE-B99A4B34FC80}.Debug|Any CPU.Build.0 = Debug|Any CPU
		{6D3F42F4-A481-4755-A7AE-B99A4B34FC80}.Release|Any CPU.ActiveCfg = Release|Any CPU
		{6D3F42F4-A481-4755-A7AE-B99A4B34FC80}.Release|Any CPU.Build.0 = Release|Any CPU
		{7A1A17D2-05D6-41D3-B783-09DCC2233579}.Debug|Any CPU.ActiveCfg = Debug|Any CPU
		{7A1A17D2-05D6-41D3-B783-09DCC2233579}.Debug|Any CPU.Build.0 = Debug|Any CPU
		{7A1A17D2-05D6-41D3-B783-09DCC2233579}.Release|Any CPU.ActiveCfg = Release|Any CPU
		{7A1A17D2-05D6-41D3-B783-09DCC2233579}.Release|Any CPU.Build.0 = Release|Any CPU
		{1C2AD17F-1DD0-4323-BC39-95F13D18CF2B}.Debug|Any CPU.ActiveCfg = Debug|Any CPU
		{1C2AD17F-1DD0-4323-BC39-95F13D18CF2B}.Debug|Any CPU.Build.0 = Debug|Any CPU
		{1C2AD17F-1DD0-4323-BC39-95F13D18CF2B}.Release|Any CPU.ActiveCfg = Release|Any CPU
		{1C2AD17F-1DD0-4323-BC39-95F13D18CF2B}.Release|Any CPU.Build.0 = Release|Any CPU
	EndGlobalSection
	GlobalSection(SolutionProperties) = preSolution
		HideSolutionNode = FALSE
	EndGlobalSection
	GlobalSection(ExtensibilityGlobals) = postSolution
		SolutionGuid = {F3FEDEF7-E9FE-4E92-B7B8-16C7C2D747CD}
	EndGlobalSection
EndGlobal
